
Microsoft Visual Studio Solution File, Format Version 12.00
# Visual Studio Version 16
VisualStudioVersion = 16.0.33423.256
MinimumVisualStudioVersion = 10.0.40219.1
Project("{FAE04EC0-301F-11D3-BF4B-00C04F79EFBC}") = "PracticeDTO", "PracticeDTO\PracticeDTO.csproj", "{FE2057CA-5FB4-4EF8-ACF9-5F8EEA32D485}"
EndProject
Global
	GlobalSection(SolutionConfigurationPlatforms) = preSolution
		Debug|Any CPU = Debug|Any CPU
		Release|Any CPU = Release|Any CPU
	EndGlobalSection
	GlobalSection(ProjectConfigurationPlatforms) = postSolution
		{FE2057CA-5FB4-4EF8-ACF9-5F8EEA32D485}.Debug|Any CPU.ActiveCfg = Debug|Any CPU
		{FE2057CA-5FB4-4EF8-ACF9-5F8EEA32D485}.Debug|Any CPU.Build.0 = Debug|Any CPU
		{FE2057CA-5FB4-4EF8-ACF9-5F8EEA32D485}.Release|Any CPU.ActiveCfg = Release|Any CPU
		{FE2057CA-5FB4-4EF8-ACF9-5F8EEA32D485}.Release|Any CPU.Build.0 = Release|Any CPU
	EndGlobalSection
	GlobalSection(SolutionProperties) = preSolution
		HideSolutionNode = FALSE
	EndGlobalSection
	GlobalSection(ExtensibilityGlobals) = postSolution
		SolutionGuid = {6B0356B6-CB9F-46AE-BDEF-A5D6BDDD2C5F}
	EndGlobalSection
EndGlobal
